// !$*UTF8*$!
{
	archiveVersion = 1;
	classes = {
	};
	objectVersion = 50;
	objects = {

/* Begin PBXBuildFile section */
		68BA51382398EC9B008392FD /* AppDelegate.m in Sources */ = {isa = PBXBuildFile; fileRef = 68BA51372398EC9B008392FD /* AppDelegate.m */; };
		68BA513B2398EC9B008392FD /* ViewController.m in Sources */ = {isa = PBXBuildFile; fileRef = 68BA513A2398EC9B008392FD /* ViewController.m */; };
		68BA513E2398EC9B008392FD /* Main.storyboard in Resources */ = {isa = PBXBuildFile; fileRef = 68BA513C2398EC9B008392FD /* Main.storyboard */; };
		68BA51402398EC9C008392FD /* Assets.xcassets in Resources */ = {isa = PBXBuildFile; fileRef = 68BA513F2398EC9C008392FD /* Assets.xcassets */; };
		68BA51432398EC9C008392FD /* LaunchScreen.storyboard in Resources */ = {isa = PBXBuildFile; fileRef = 68BA51412398EC9C008392FD /* LaunchScreen.storyboard */; };
		68BA51462398EC9C008392FD /* main.m in Sources */ = {isa = PBXBuildFile; fileRef = 68BA51452398EC9C008392FD /* main.m */; };
		68BA51502398EC9C008392FD /* firstappTests.m in Sources */ = {isa = PBXBuildFile; fileRef = 68BA514F2398EC9C008392FD /* firstappTests.m */; };
		68BA515B2398EC9C008392FD /* firstappUITests.m in Sources */ = {isa = PBXBuildFile; fileRef = 68BA515A2398EC9C008392FD /* firstappUITests.m */; };
/* End PBXBuildFile section */

/* Begin PBXContainerItemProxy section */
		68BA514C2398EC9C008392FD /* PBXContainerItemProxy */ = {
			isa = PBXContainerItemProxy;
			containerPortal = 68BA512B2398EC9A008392FD /* Project object */;
			proxyType = 1;
			remoteGlobalIDString = 68BA51322398EC9B008392FD;
			remoteInfo = firstapp;
		};
		68BA51572398EC9C008392FD /* PBXContainerItemProxy */ = {
			isa = PBXContainerItemProxy;
			containerPortal = 68BA512B2398EC9A008392FD /* Project object */;
			proxyType = 1;
			remoteGlobalIDString = 68BA51322398EC9B008392FD;
			remoteInfo = firstapp;
		};
/* End PBXContainerItemProxy section */

/* Begin PBXFileReference section */
		68BA51332398EC9B008392FD /* firstapp.app */ = {isa = PBXFileReference; explicitFileType = wrapper.application; includeInIndex = 0; path = firstapp.app; sourceTree = BUILT_PRODUCTS_DIR; };
		68BA51362398EC9B008392FD /* AppDelegate.h */ = {isa = PBXFileReference; lastKnownFileType = sourcecode.c.h; path = AppDelegate.h; sourceTree = "<group>"; };
		68BA51372398EC9B008392FD /* AppDelegate.m */ = {isa = PBXFileReference; lastKnownFileType = sourcecode.c.objc; path = AppDelegate.m; sourceTree = "<group>"; };
		68BA51392398EC9B008392FD /* ViewController.h */ = {isa = PBXFileReference; lastKnownFileType = sourcecode.c.h; path = ViewController.h; sourceTree = "<group>"; };
		68BA513A2398EC9B008392FD /* ViewController.m */ = {isa = PBXFileReference; lastKnownFileType = sourcecode.c.objc; path = ViewController.m; sourceTree = "<group>"; };
		68BA513D2398EC9B008392FD /* Base */ = {isa = PBXFileReference; lastKnownFileType = file.storyboard; name = Base; path = Base.lproj/Main.storyboard; sourceTree = "<group>"; };
		68BA513F2398EC9C008392FD /* Assets.xcassets */ = {isa = PBXFileReference; lastKnownFileType = folder.assetcatalog; path = Assets.xcassets; sourceTree = "<group>"; };
		68BA51422398EC9C008392FD /* Base */ = {isa = PBXFileReference; lastKnownFileType = file.storyboard; name = Base; path = Base.lproj/LaunchScreen.storyboard; sourceTree = "<group>"; };
		68BA51442398EC9C008392FD /* Info.plist */ = {isa = PBXFileReference; lastKnownFileType = text.plist.xml; path = Info.plist; sourceTree = "<group>"; };
		68BA51452398EC9C008392FD /* main.m */ = {isa = PBXFileReference; lastKnownFileType = sourcecode.c.objc; path = main.m; sourceTree = "<group>"; };
		68BA514B2398EC9C008392FD /* firstappTests.xctest */ = {isa = PBXFileReference; explicitFileType = wrapper.cfbundle; includeInIndex = 0; path = firstappTests.xctest; sourceTree = BUILT_PRODUCTS_DIR; };
		68BA514F2398EC9C008392FD /* firstappTests.m */ = {isa = PBXFileReference; lastKnownFileType = sourcecode.c.objc; path = firstappTests.m; sourceTree = "<group>"; };
		68BA51512398EC9C008392FD /* Info.plist */ = {isa = PBXFileReference; lastKnownFileType = text.plist.xml; path = Info.plist; sourceTree = "<group>"; };
		68BA51562398EC9C008392FD /* firstappUITests.xctest */ = {isa = PBXFileReference; explicitFileType = wrapper.cfbundle; includeInIndex = 0; path = firstappUITests.xctest; sourceTree = BUILT_PRODUCTS_DIR; };
		68BA515A2398EC9C008392FD /* firstappUITests.m */ = {isa = PBXFileReference; lastKnownFileType = sourcecode.c.objc; path = firstappUITests.m; sourceTree = "<group>"; };
		68BA515C2398EC9C008392FD /* Info.plist */ = {isa = PBXFileReference; lastKnownFileType = text.plist.xml; path = Info.plist; sourceTree = "<group>"; };
/* End PBXFileReference section */

/* Begin PBXFrameworksBuildPhase section */
		68BA51302398EC9B008392FD /* Frameworks */ = {
			isa = PBXFrameworksBuildPhase;
			buildActionMask = 2147483647;
			files = (
			);
			runOnlyForDeploymentPostprocessing = 0;
		};
		68BA51482398EC9C008392FD /* Frameworks */ = {
			isa = PBXFrameworksBuildPhase;
			buildActionMask = 2147483647;
			files = (
			);
			runOnlyForDeploymentPostprocessing = 0;
		};
		68BA51532398EC9C008392FD /* Frameworks */ = {
			isa = PBXFrameworksBuildPhase;
			buildActionMask = 2147483647;
			files = (
			);
			runOnlyForDeploymentPostprocessing = 0;
		};
/* End PBXFrameworksBuildPhase section */

/* Begin PBXGroup section */
		68BA512A2398EC9A008392FD = {
			isa = PBXGroup;
			children = (
				68BA51352398EC9B008392FD /* firstapp */,
				68BA514E2398EC9C008392FD /* firstappTests */,
				68BA51592398EC9C008392FD /* firstappUITests */,
				68BA51342398EC9B008392FD /* Products */,
			);
			sourceTree = "<group>";
		};
		68BA51342398EC9B008392FD /* Products */ = {
			isa = PBXGroup;
			children = (
				68BA51332398EC9B008392FD /* firstapp.app */,
				68BA514B2398EC9C008392FD /* firstappTests.xctest */,
				68BA51562398EC9C008392FD /* firstappUITests.xctest */,
			);
			name = Products;
			sourceTree = "<group>";
		};
		68BA51352398EC9B008392FD /* firstapp */ = {
			isa = PBXGroup;
			children = (
				68BA51362398EC9B008392FD /* AppDelegate.h */,
				68BA51372398EC9B008392FD /* AppDelegate.m */,
				68BA51392398EC9B008392FD /* ViewController.h */,
				68BA513A2398EC9B008392FD /* ViewController.m */,
				68BA513C2398EC9B008392FD /* Main.storyboard */,
				68BA513F2398EC9C008392FD /* Assets.xcassets */,
				68BA51412398EC9C008392FD /* LaunchScreen.storyboard */,
				68BA51442398EC9C008392FD /* Info.plist */,
				68BA51452398EC9C008392FD /* main.m */,
			);
			path = firstapp;
			sourceTree = "<group>";
		};
		68BA514E2398EC9C008392FD /* firstappTests */ = {
			isa = PBXGroup;
			children = (
				68BA514F2398EC9C008392FD /* firstappTests.m */,
				68BA51512398EC9C008392FD /* Info.plist */,
			);
			path = firstappTests;
			sourceTree = "<group>";
		};
		68BA51592398EC9C008392FD /* firstappUITests */ = {
			isa = PBXGroup;
			children = (
				68BA515A2398EC9C008392FD /* firstappUITests.m */,
				68BA515C2398EC9C008392FD /* Info.plist */,
			);
			path = firstappUITests;
			sourceTree = "<group>";
		};
/* End PBXGroup section */

/* Begin PBXNativeTarget section */
		68BA51322398EC9B008392FD /* firstapp */ = {
			isa = PBXNativeTarget;
			buildConfigurationList = 68BA515F2398EC9C008392FD /* Build configuration list for PBXNativeTarget "firstapp" */;
			buildPhases = (
				68BA512F2398EC9B008392FD /* Sources */,
				68BA51302398EC9B008392FD /* Frameworks */,
				68BA51312398EC9B008392FD /* Resources */,
			);
			buildRules = (
			);
			dependencies = (
			);
			name = firstapp;
			productName = firstapp;
			productReference = 68BA51332398EC9B008392FD /* firstapp.app */;
			productType = "com.apple.product-type.application";
		};
		68BA514A2398EC9C008392FD /* firstappTests */ = {
			isa = PBXNativeTarget;
			buildConfigurationList = 68BA51622398EC9C008392FD /* Build configuration list for PBXNativeTarget "firstappTests" */;
			buildPhases = (
				68BA51472398EC9C008392FD /* Sources */,
				68BA51482398EC9C008392FD /* Frameworks */,
				68BA51492398EC9C008392FD /* Resources */,
			);
			buildRules = (
			);
			dependencies = (
				68BA514D2398EC9C008392FD /* PBXTargetDependency */,
			);
			name = firstappTests;
			productName = firstappTests;
			productReference = 68BA514B2398EC9C008392FD /* firstappTests.xctest */;
			productType = "com.apple.product-type.bundle.unit-test";
		};
		68BA51552398EC9C008392FD /* firstappUITests */ = {
			isa = PBXNativeTarget;
			buildConfigurationList = 68BA51652398EC9C008392FD /* Build configuration list for PBXNativeTarget "firstappUITests" */;
			buildPhases = (
				68BA51522398EC9C008392FD /* Sources */,
				68BA51532398EC9C008392FD /* Frameworks */,
				68BA51542398EC9C008392FD /* Resources */,
			);
			buildRules = (
			);
			dependencies = (
				68BA51582398EC9C008392FD /* PBXTargetDependency */,
			);
			name = firstappUITests;
			productName = firstappUITests;
			productReference = 68BA51562398EC9C008392FD /* firstappUITests.xctest */;
			productType = "com.apple.product-type.bundle.ui-testing";
		};
/* End PBXNativeTarget section */

/* Begin PBXProject section */
		68BA512B2398EC9A008392FD /* Project object */ = {
			isa = PBXProject;
			attributes = {
				LastUpgradeCheck = 1030;
				ORGANIZATIONNAME = ipad;
				TargetAttributes = {
					68BA51322398EC9B008392FD = {
						CreatedOnToolsVersion = 10.3;
					};
					68BA514A2398EC9C008392FD = {
						CreatedOnToolsVersion = 10.3;
						TestTargetID = 68BA51322398EC9B008392FD;
					};
					68BA51552398EC9C008392FD = {
						CreatedOnToolsVersion = 10.3;
						TestTargetID = 68BA51322398EC9B008392FD;
					};
				};
			};
			buildConfigurationList = 68BA512E2398EC9A008392FD /* Build configuration list for PBXProject "firstapp" */;
			compatibilityVersion = "Xcode 9.3";
			developmentRegion = en;
			hasScannedForEncodings = 0;
			knownRegions = (
				en,
				Base,
			);
			mainGroup = 68BA512A2398EC9A008392FD;
			productRefGroup = 68BA51342398EC9B008392FD /* Products */;
			projectDirPath = "";
			projectRoot = "";
			targets = (
				68BA51322398EC9B008392FD /* firstapp */,
				68BA514A2398EC9C008392FD /* firstappTests */,
				68BA51552398EC9C008392FD /* firstappUITests */,
			);
		};
/* End PBXProject section */

/* Begin PBXResourcesBuildPhase section */
		68BA51312398EC9B008392FD /* Resources */ = {
			isa = PBXResourcesBuildPhase;
			buildActionMask = 2147483647;
			files = (
				68BA51432398EC9C008392FD /* LaunchScreen.storyboard in Resources */,
				68BA51402398EC9C008392FD /* Assets.xcassets in Resources */,
				68BA513E2398EC9B008392FD /* Main.storyboard in Resources */,
			);
			runOnlyForDeploymentPostprocessing = 0;
		};
		68BA51492398EC9C008392FD /* Resources */ = {
			isa = PBXResourcesBuildPhase;
			buildActionMask = 2147483647;
			files = (
			);
			runOnlyForDeploymentPostprocessing = 0;
		};
		68BA51542398EC9C008392FD /* Resources */ = {
			isa = PBXResourcesBuildPhase;
			buildActionMask = 2147483647;
			files = (
			);
			runOnlyForDeploymentPostprocessing = 0;
		};
/* End PBXResourcesBuildPhase section */

/* Begin PBXSourcesBuildPhase section */
		68BA512F2398EC9B008392FD /* Sources */ = {
			isa = PBXSourcesBuildPhase;
			buildActionMask = 2147483647;
			files = (
				68BA513B2398EC9B008392FD /* ViewController.m in Sources */,
				68BA51462398EC9C008392FD /* main.m in Sources */,
				68BA51382398EC9B008392FD /* AppDelegate.m in Sources */,
			);
			runOnlyForDeploymentPostprocessing = 0;
		};
		68BA51472398EC9C008392FD /* Sources */ = {
			isa = PBXSourcesBuildPhase;
			buildActionMask = 2147483647;
			files = (
				68BA51502398EC9C008392FD /* firstappTests.m in Sources */,
			);
			runOnlyForDeploymentPostprocessing = 0;
		};
		68BA51522398EC9C008392FD /* Sources */ = {
			isa = PBXSourcesBuildPhase;
			buildActionMask = 2147483647;
			files = (
				68BA515B2398EC9C008392FD /* firstappUITests.m in Sources */,
			);
			runOnlyForDeploymentPostprocessing = 0;
		};
/* End PBXSourcesBuildPhase section */

/* Begin PBXTargetDependency section */
		68BA514D2398EC9C008392FD /* PBXTargetDependency */ = {
			isa = PBXTargetDependency;
			target = 68BA51322398EC9B008392FD /* firstapp */;
			targetProxy = 68BA514C2398EC9C008392FD /* PBXContainerItemProxy */;
		};
		68BA51582398EC9C008392FD /* PBXTargetDependency */ = {
			isa = PBXTargetDependency;
			target = 68BA51322398EC9B008392FD /* firstapp */;
			targetProxy = 68BA51572398EC9C008392FD /* PBXContainerItemProxy */;
		};
/* End PBXTargetDependency section */

/* Begin PBXVariantGroup section */
		68BA513C2398EC9B008392FD /* Main.storyboard */ = {
			isa = PBXVariantGroup;
			children = (
				68BA513D2398EC9B008392FD /* Base */,
			);
			name = Main.storyboard;
			sourceTree = "<group>";
		};
		68BA51412398EC9C008392FD /* LaunchScreen.storyboard */ = {
			isa = PBXVariantGroup;
			children = (
				68BA51422398EC9C008392FD /* Base */,
			);
			name = LaunchScreen.storyboard;
			sourceTree = "<group>";
		};
/* End PBXVariantGroup section */

/* Begin XCBuildConfiguration section */
		68BA515D2398EC9C008392FD /* Debug */ = {
			isa = XCBuildConfiguration;
			buildSettings = {
				ALWAYS_SEARCH_USER_PATHS = NO;
				CLANG_ANALYZER_NONNULL = YES;
				CLANG_ANALYZER_NUMBER_OBJECT_CONVERSION = YES_AGGRESSIVE;
				CLANG_CXX_LANGUAGE_STANDARD = "gnu++14";
				CLANG_CXX_LIBRARY = "libc++";
				CLANG_ENABLE_MODULES = YES;
				CLANG_ENABLE_OBJC_ARC = YES;
				CLANG_ENABLE_OBJC_WEAK = YES;
				CLANG_WARN_BLOCK_CAPTURE_AUTORELEASING = YES;
				CLANG_WARN_BOOL_CONVERSION = YES;
				CLANG_WARN_COMMA = YES;
				CLANG_WARN_CONSTANT_CONVERSION = YES;
				CLANG_WARN_DEPRECATED_OBJC_IMPLEMENTATIONS = YES;
				CLANG_WARN_DIRECT_OBJC_ISA_USAGE = YES_ERROR;
				CLANG_WARN_DOCUMENTATION_COMMENTS = YES;
				CLANG_WARN_EMPTY_BODY = YES;
				CLANG_WARN_ENUM_CONVERSION = YES;
				CLANG_WARN_INFINITE_RECURSION = YES;
				CLANG_WARN_INT_CONVERSION = YES;
				CLANG_WARN_NON_LITERAL_NULL_CONVERSION = YES;
				CLANG_WARN_OBJC_IMPLICIT_RETAIN_SELF = YES;
				CLANG_WARN_OBJC_LITERAL_CONVERSION = YES;
				CLANG_WARN_OBJC_ROOT_CLASS = YES_ERROR;
				CLANG_WARN_RANGE_LOOP_ANALYSIS = YES;
				CLANG_WARN_STRICT_PROTOTYPES = YES;
				CLANG_WARN_SUSPICIOUS_MOVE = YES;
				CLANG_WARN_UNGUARDED_AVAILABILITY = YES_AGGRESSIVE;
				CLANG_WARN_UNREACHABLE_CODE = YES;
				CLANG_WARN__DUPLICATE_METHOD_MATCH = YES;
				CODE_SIGN_IDENTITY = "iPhone Developer";
				COPY_PHASE_STRIP = NO;
				DEBUG_INFORMATION_FORMAT = dwarf;
				ENABLE_STRICT_OBJC_MSGSEND = YES;
				ENABLE_TESTABILITY = YES;
				GCC_C_LANGUAGE_STANDARD = gnu11;
				GCC_DYNAMIC_NO_PIC = NO;
				GCC_NO_COMMON_BLOCKS = YES;
				GCC_OPTIMIZATION_LEVEL = 0;
				GCC_PREPROCESSOR_DEFINITIONS = (
					"DEBUG=1",
					"$(inherited)",
				);
				GCC_WARN_64_TO_32_BIT_CONVERSION = YES;
				GCC_WARN_ABOUT_RETURN_TYPE = YES_ERROR;
				GCC_WARN_UNDECLARED_SELECTOR = YES;
				GCC_WARN_UNINITIALIZED_AUTOS = YES_AGGRESSIVE;
				GCC_WARN_UNUSED_FUNCTION = YES;
				GCC_WARN_UNUSED_VARIABLE = YES;
				IPHONEOS_DEPLOYMENT_TARGET = 12.4;
				MTL_ENABLE_DEBUG_INFO = INCLUDE_SOURCE;
				MTL_FAST_MATH = YES;
				ONLY_ACTIVE_ARCH = YES;
				SDKROOT = iphoneos;
			};
			name = Debug;
		};
		68BA515E2398EC9C008392FD /* Release */ = {
			isa = XCBuildConfiguration;
			buildSettings = {
				ALWAYS_SEARCH_USER_PATHS = NO;
				CLANG_ANALYZER_NONNULL = YES;
				CLANG_ANALYZER_NUMBER_OBJECT_CONVERSION = YES_AGGRESSIVE;
				CLANG_CXX_LANGUAGE_STANDARD = "gnu++14";
				CLANG_CXX_LIBRARY = "libc++";
				CLANG_ENABLE_MODULES = YES;
				CLANG_ENABLE_OBJC_ARC = YES;
				CLANG_ENABLE_OBJC_WEAK = YES;
				CLANG_WARN_BLOCK_CAPTURE_AUTORELEASING = YES;
				CLANG_WARN_BOOL_CONVERSION = YES;
				CLANG_WARN_COMMA = YES;
				CLANG_WARN_CONSTANT_CONVERSION = YES;
				CLANG_WARN_DEPRECATED_OBJC_IMPLEMENTATIONS = YES;
				CLANG_WARN_DIRECT_OBJC_ISA_USAGE = YES_ERROR;
				CLANG_WARN_DOCUMENTATION_COMMENTS = YES;
				CLANG_WARN_EMPTY_BODY = YES;
				CLANG_WARN_ENUM_CONVERSION = YES;
				CLANG_WARN_INFINITE_RECURSION = YES;
				CLANG_WARN_INT_CONVERSION = YES;
				CLANG_WARN_NON_LITERAL_NULL_CONVERSION = YES;
				CLANG_WARN_OBJC_IMPLICIT_RETAIN_SELF = YES;
				CLANG_WARN_OBJC_LITERAL_CONVERSION = YES;
				CLANG_WARN_OBJC_ROOT_CLASS = YES_ERROR;
				CLANG_WARN_RANGE_LOOP_ANALYSIS = YES;
				CLANG_WARN_STRICT_PROTOTYPES = YES;
				CLANG_WARN_SUSPICIOUS_MOVE = YES;
				CLANG_WARN_UNGUARDED_AVAILABILITY = YES_AGGRESSIVE;
				CLANG_WARN_UNREACHABLE_CODE = YES;
				CLANG_WARN__DUPLICATE_METHOD_MATCH = YES;
				CODE_SIGN_IDENTITY = "iPhone Developer";
				COPY_PHASE_STRIP = NO;
				DEBUG_INFORMATION_FORMAT = "dwarf-with-dsym";
				ENABLE_NS_ASSERTIONS = NO;
				ENABLE_STRICT_OBJC_MSGSEND = YES;
				GCC_C_LANGUAGE_STANDARD = gnu11;
				GCC_NO_COMMON_BLOCKS = YES;
				GCC_WARN_64_TO_32_BIT_CONVERSION = YES;
				GCC_WARN_ABOUT_RETURN_TYPE = YES_ERROR;
				GCC_WARN_UNDECLARED_SELECTOR = YES;
				GCC_WARN_UNINITIALIZED_AUTOS = YES_AGGRESSIVE;
				GCC_WARN_UNUSED_FUNCTION = YES;
				GCC_WARN_UNUSED_VARIABLE = YES;
				IPHONEOS_DEPLOYMENT_TARGET = 12.4;
				MTL_ENABLE_DEBUG_INFO = NO;
				MTL_FAST_MATH = YES;
				SDKROOT = iphoneos;
				VALIDATE_PRODUCT = YES;
			};
			name = Release;
		};
		68BA51602398EC9C008392FD /* Debug */ = {
			isa = XCBuildConfiguration;
			buildSettings = {
				ASSETCATALOG_COMPILER_APPICON_NAME = AppIcon;
				CODE_SIGN_STYLE = Automatic;
				DEVELOPMENT_TEAM = 87R5Q24E5R;
				INFOPLIST_FILE = firstapp/Info.plist;
				LD_RUNPATH_SEARCH_PATHS = (
					"$(inherited)",
					"@executable_path/Frameworks",
				);
				PRODUCT_BUNDLE_IDENTIFIER = com.demo.firstapp;
				PRODUCT_NAME = "$(TARGET_NAME)";
				TARGETED_DEVICE_FAMILY = "1,2";
			};
			name = Debug;
		};
		68BA51612398EC9C008392FD /* Release */ = {
			isa = XCBuildConfiguration;
			buildSettings = {
				ASSETCATALOG_COMPILER_APPICON_NAME = AppIcon;
				CODE_SIGN_STYLE = Automatic;
				DEVELOPMENT_TEAM = 87R5Q24E5R;
				INFOPLIST_FILE = firstapp/Info.plist;
				LD_RUNPATH_SEARCH_PATHS = (
					"$(inherited)",
					"@executable_path/Frameworks",
				);
				PRODUCT_BUNDLE_IDENTIFIER = com.demo.firstapp;
				PRODUCT_NAME = "$(TARGET_NAME)";
				TARGETED_DEVICE_FAMILY = "1,2";
			};
			name = Release;
		};
		68BA51632398EC9C008392FD /* Debug */ = {
			isa = XCBuildConfiguration;
			buildSettings = {
				BUNDLE_LOADER = "$(TEST_HOST)";
				CODE_SIGN_STYLE = Automatic;
				DEVELOPMENT_TEAM = 87R5Q24E5R;
				INFOPLIST_FILE = firstappTests/Info.plist;
				LD_RUNPATH_SEARCH_PATHS = (
					"$(inherited)",
					"@executable_path/Frameworks",
					"@loader_path/Frameworks",
				);
				PRODUCT_BUNDLE_IDENTIFIER = com.demo.firstappTests;
				PRODUCT_NAME = "$(TARGET_NAME)";
				TARGETED_DEVICE_FAMILY = "1,2";
				TEST_HOST = "$(BUILT_PRODUCTS_DIR)/firstapp.app/firstapp";
			};
			name = Debug;
		};
		68BA51642398EC9C008392FD /* Release */ = {
			isa = XCBuildConfiguration;
			buildSettings = {
				BUNDLE_LOADER = "$(TEST_HOST)";
				CODE_SIGN_STYLE = Automatic;
				DEVELOPMENT_TEAM = 87R5Q24E5R;
				INFOPLIST_FILE = firstappTests/Info.plist;
				LD_RUNPATH_SEARCH_PATHS = (
					"$(inherited)",
					"@executable_path/Frameworks",
					"@loader_path/Frameworks",
				);
				PRODUCT_BUNDLE_IDENTIFIER = com.demo.firstappTests;
				PRODUCT_NAME = "$(TARGET_NAME)";
				TARGETED_DEVICE_FAMILY = "1,2";
				TEST_HOST = "$(BUILT_PRODUCTS_DIR)/firstapp.app/firstapp";
			};
			name = Release;
		};
		68BA51662398EC9C008392FD /* Debug */ = {
			isa = XCBuildConfiguration;
			buildSettings = {
				CODE_SIGN_STYLE = Automatic;
				DEVELOPMENT_TEAM = 87R5Q24E5R;
				INFOPLIST_FILE = firstappUITests/Info.plist;
				LD_RUNPATH_SEARCH_PATHS = (
					"$(inherited)",
					"@executable_path/Frameworks",
					"@loader_path/Frameworks",
				);
				PRODUCT_BUNDLE_IDENTIFIER = com.demo.firstappUITests;
				PRODUCT_NAME = "$(TARGET_NAME)";
				TARGETED_DEVICE_FAMILY = "1,2";
				TEST_TARGET_NAME = firstapp;
			};
			name = Debug;
		};
		68BA51672398EC9C008392FD /* Release */ = {
			isa = XCBuildConfiguration;
			buildSettings = {
				CODE_SIGN_STYLE = Automatic;
				DEVELOPMENT_TEAM = 87R5Q24E5R;
				INFOPLIST_FILE = firstappUITests/Info.plist;
				LD_RUNPATH_SEARCH_PATHS = (
					"$(inherited)",
					"@executable_path/Frameworks",
					"@loader_path/Frameworks",
				);
				PRODUCT_BUNDLE_IDENTIFIER = com.demo.firstappUITests;
				PRODUCT_NAME = "$(TARGET_NAME)";
				TARGETED_DEVICE_FAMILY = "1,2";
				TEST_TARGET_NAME = firstapp;
			};
			name = Release;
		};
/* End XCBuildConfiguration section */

/* Begin XCConfigurationList section */
		68BA512E2398EC9A008392FD /* Build configuration list for PBXProject "firstapp" */ = {
			isa = XCConfigurationList;
			buildConfigurations = (
				68BA515D2398EC9C008392FD /* Debug */,
				68BA515E2398EC9C008392FD /* Release */,
			);
			defaultConfigurationIsVisible = 0;
			defaultConfigurationName = Release;
		};
		68BA515F2398EC9C008392FD /* Build configuration list for PBXNativeTarget "firstapp" */ = {
			isa = XCConfigurationList;
			buildConfigurations = (
				68BA51602398EC9C008392FD /* Debug */,
				68BA51612398EC9C008392FD /* Release */,
			);
			defaultConfigurationIsVisible = 0;
			defaultConfigurationName = Release;
		};
		68BA51622398EC9C008392FD /* Build configuration list for PBXNativeTarget "firstappTests" */ = {
			isa = XCConfigurationList;
			buildConfigurations = (
				68BA51632398EC9C008392FD /* Debug */,
				68BA51642398EC9C008392FD /* Release */,
			);
			defaultConfigurationIsVisible = 0;
			defaultConfigurationName = Release;
		};
		68BA51652398EC9C008392FD /* Build configuration list for PBXNativeTarget "firstappUITests" */ = {
			isa = XCConfigurationList;
			buildConfigurations = (
				68BA51662398EC9C008392FD /* Debug */,
				68BA51672398EC9C008392FD /* Release */,
			);
			defaultConfigurationIsVisible = 0;
			defaultConfigurationName = Release;
		};
/* End XCConfigurationList section */
	};
	rootObject = 68BA512B2398EC9A008392FD /* Project object */;
}
